
Microsoft Visual Studio Solution File, Format Version 12.00
# Visual Studio Version 17
VisualStudioVersion = 17.0.31903.59
MinimumVisualStudioVersion = 10.0.40219.1
Project("{2150E333-8FDC-42A3-9474-1A3956D46DE8}") = "src", "src", "{827E0CD3-B72D-47B6-A68D-7590B98EB39B}"
EndProject
Project("{2150E333-8FDC-42A3-9474-1A3956D46DE8}") = "BuildingBlocks", "BuildingBlocks", "{90298CBA-BD6F-3A0A-69D5-97CAD7B05E7E}"
EndProject
Project("{FAE04EC0-301F-11D3-BF4B-00C04F79EFBC}") = "Rafael.Portfolio.BuildingBlocks", "src\BuildingBlocks\Rafael.Portfolio.BuildingBlocks\Rafael.Portfolio.BuildingBlocks.csproj", "{DF4DB5AD-CB9C-4238-ADFE-998C468005CD}"
EndProject
Project("{2150E333-8FDC-42A3-9474-1A3956D46DE8}") = "Modules", "Modules", "{EC447DCF-ABFA-6E24-52A5-D7FD48A5C558}"
EndProject
Project("{2150E333-8FDC-42A3-9474-1A3956D46DE8}") = "Portfolio", "Portfolio", "{75E1508E-A955-E059-6956-675858DCE5FC}"
EndProject
Project("{FAE04EC0-301F-11D3-BF4B-00C04F79EFBC}") = "Rafael.Portfolio.Modules.Portfolio", "src\Modules\Portfolio\Rafael.Portfolio.Modules.Portfolio\Rafael.Portfolio.Modules.Portfolio.csproj", "{6B8E86D7-E211-4BBF-8155-0B63B57FDE71}"
EndProject
Project("{2150E333-8FDC-42A3-9474-1A3956D46DE8}") = "Knowledge", "Knowledge", "{6D397FDE-A48A-1422-DC4D-618348DCDC20}"
EndProject
Project("{FAE04EC0-301F-11D3-BF4B-00C04F79EFBC}") = "Rafael.Portfolio.Modules.Knowledge", "src\Modules\Knowledge\Rafael.Portfolio.Modules.Knowledge\Rafael.Portfolio.Modules.Knowledge.csproj", "{390210E6-3511-4708-BAA1-6633AFF564BA}"
EndProject
Project("{2150E333-8FDC-42A3-9474-1A3956D46DE8}") = "Assistant", "Assistant", "{D4443D80-A4C8-562B-D9F5-7671843884F3}"
EndProject
Project("{FAE04EC0-301F-11D3-BF4B-00C04F79EFBC}") = "Rafael.Portfolio.Modules.Assistant", "src\Modules\Assistant\Rafael.Portfolio.Modules.Assistant\Rafael.Portfolio.Modules.Assistant.csproj", "{1759A01D-BD7E-4405-9B6F-DBBA1F77CA1F}"
EndProject
Project("{2150E333-8FDC-42A3-9474-1A3956D46DE8}") = "JobMatching", "JobMatching", "{C58652D4-70F2-C78D-7C81-EB5CF8661D9C}"
EndProject
Project("{FAE04EC0-301F-11D3-BF4B-00C04F79EFBC}") = "Rafael.Portfolio.Modules.JobMatching", "src\Modules\JobMatching\Rafael.Portfolio.Modules.JobMatching\Rafael.Portfolio.Modules.JobMatching.csproj", "{45E50E6F-9E0E-4B8A-8E08-077BFBFB4473}"
EndProject
Project("{2150E333-8FDC-42A3-9474-1A3956D46DE8}") = "Contact", "Contact", "{0BCCD391-3C9A-8672-580D-EDB3137A3017}"
EndProject
Project("{FAE04EC0-301F-11D3-BF4B-00C04F79EFBC}") = "Rafael.Portfolio.Modules.Contact", "src\Modules\Contact\Rafael.Portfolio.Modules.Contact\Rafael.Portfolio.Modules.Contact.csproj", "{01164372-E073-444C-8C61-346B651CCF72}"
EndProject
Project("{2150E333-8FDC-42A3-9474-1A3956D46DE8}") = "Hosts", "Hosts", "{C79C3622-AC92-5B3C-4F71-0BD0E7B3816F}"
EndProject
Project("{2150E333-8FDC-42A3-9474-1A3956D46DE8}") = "Web", "Web", "{E8093802-E480-00E4-2B78-06309442FE18}"
EndProject
Project("{FAE04EC0-301F-11D3-BF4B-00C04F79EFBC}") = "Rafael.Portfolio.Web", "src\Hosts\Web\Rafael.Portfolio.Web\Rafael.Portfolio.Web.csproj", "{9A0CFA9E-C8D1-4D44-A15C-355BE47AA1DF}"
EndProject
Project("{2150E333-8FDC-42A3-9474-1A3956D46DE8}") = "Indexer", "Indexer", "{ECA44C6A-C007-8CB4-D8F9-46FB4A246E43}"
EndProject
Project("{FAE04EC0-301F-11D3-BF4B-00C04F79EFBC}") = "Rafael.Portfolio.Indexer", "src\Hosts\Indexer\Rafael.Portfolio.Indexer\Rafael.Portfolio.Indexer.csproj", "{BAF8D9AE-1CE9-4F14-9F20-7AA54B7B2FE7}"
EndProject
Project("{2150E333-8FDC-42A3-9474-1A3956D46DE8}") = "tests", "tests", "{0AB3BF05-4346-4AA6-1389-037BE0695223}"
EndProject
Project("{2150E333-8FDC-42A3-9474-1A3956D46DE8}") = "Unit", "Unit", "{9D556B49-86D1-93A7-9596-FFAAB74EC556}"
EndProject
Project("{FAE04EC0-301F-11D3-BF4B-00C04F79EFBC}") = "Rafael.Portfolio.UnitTests", "tests\Unit\Rafael.Portfolio.UnitTests\Rafael.Portfolio.UnitTests.csproj", "{B4C0E688-776A-40D7-96D0-45A73C63E136}"
EndProject
Project("{2150E333-8FDC-42A3-9474-1A3956D46DE8}") = "Architecture", "Architecture", "{875CD587-DE2F-08EE-74FB-D6BE4E474EF3}"
EndProject
Project("{FAE04EC0-301F-11D3-BF4B-00C04F79EFBC}") = "Rafael.Portfolio.ArchitectureTests", "tests\Architecture\Rafael.Portfolio.ArchitectureTests\Rafael.Portfolio.ArchitectureTests.csproj", "{38D9A0B8-21FE-45CE-A815-A8FAC1AFF90C}"
EndProject
Project("{2150E333-8FDC-42A3-9474-1A3956D46DE8}") = "Integration", "Integration", "{28A6993C-471E-82FE-7D9E-AD3B1EC22BD9}"
EndProject
Project("{FAE04EC0-301F-11D3-BF4B-00C04F79EFBC}") = "Rafael.Portfolio.IntegrationTests", "tests\Integration\Rafael.Portfolio.IntegrationTests\Rafael.Portfolio.IntegrationTests.csproj", "{0464F8CD-E125-4FAA-9C26-B16E22418668}"
EndProject
Project("{2150E333-8FDC-42A3-9474-1A3956D46DE8}") = "Emulator", "Emulator", "{9F657E53-FC0A-C461-71ED-BDB113566680}"
EndProject
Project("{FAE04EC0-301F-11D3-BF4B-00C04F79EFBC}") = "Rafael.Portfolio.EmulatorTests", "tests\Emulator\Rafael.Portfolio.EmulatorTests\Rafael.Portfolio.EmulatorTests.csproj", "{64584B87-6D9E-4E0E-88FC-11A7070C0CDD}"
EndProject
Global
	GlobalSection(SolutionConfigurationPlatforms) = preSolution
		Debug|Any CPU = Debug|Any CPU
		Debug|x64 = Debug|x64
		Debug|x86 = Debug|x86
		Release|Any CPU = Release|Any CPU
		Release|x64 = Release|x64
		Release|x86 = Release|x86
	EndGlobalSection
	GlobalSection(ProjectConfigurationPlatforms) = postSolution
		{DF4DB5AD-CB9C-4238-ADFE-998C468005CD}.Debug|Any CPU.ActiveCfg = Debug|Any CPU
		{DF4DB5AD-CB9C-4238-ADFE-998C468005CD}.Debug|Any CPU.Build.0 = Debug|Any CPU
		{DF4DB5AD-CB9C-4238-ADFE-998C468005CD}.Debug|x64.ActiveCfg = Debug|Any CPU
		{DF4DB5AD-CB9C-4238-ADFE-998C468005CD}.Debug|x64.Build.0 = Debug|Any CPU
		{DF4DB5AD-CB9C-4238-ADFE-998C468005CD}.Debug|x86.ActiveCfg = Debug|Any CPU
		{DF4DB5AD-CB9C-4238-ADFE-998C468005CD}.Debug|x86.Build.0 = Debug|Any CPU
		{DF4DB5AD-CB9C-4238-ADFE-998C468005CD}.Release|Any CPU.ActiveCfg = Release|Any CPU
		{DF4DB5AD-CB9C-4238-ADFE-998C468005CD}.Release|Any CPU.Build.0 = Release|Any CPU
		{DF4DB5AD-CB9C-4238-ADFE-998C468005CD}.Release|x64.ActiveCfg = Release|Any CPU
		{DF4DB5AD-CB9C-4238-ADFE-998C468005CD}.Release|x64.Build.0 = Release|Any CPU
		{DF4DB5AD-CB9C-4238-ADFE-998C468005CD}.Release|x86.ActiveCfg = Release|Any CPU
		{DF4DB5AD-CB9C-4238-ADFE-998C468005CD}.Release|x86.Build.0 = Release|Any CPU
		{6B8E86D7-E211-4BBF-8155-0B63B57FDE71}.Debug|Any CPU.ActiveCfg = Debug|Any CPU
		{6B8E86D7-E211-4BBF-8155-0B63B57FDE71}.Debug|Any CPU.Build.0 = Debug|Any CPU
		{6B8E86D7-E211-4BBF-8155-0B63B57FDE71}.Debug|x64.ActiveCfg = Debug|Any CPU
		{6B8E86D7-E211-4BBF-8155-0B63B57FDE71}.Debug|x64.Build.0 = Debug|Any CPU
		{6B8E86D7-E211-4BBF-8155-0B63B57FDE71}.Debug|x86.ActiveCfg = Debug|Any CPU
		{6B8E86D7-E211-4BBF-8155-0B63B57FDE71}.Debug|x86.Build.0 = Debug|Any CPU
		{6B8E86D7-E211-4BBF-8155-0B63B57FDE71}.Release|Any CPU.ActiveCfg = Release|Any CPU
		{6B8E86D7-E211-4BBF-8155-0B63B57FDE71}.Release|Any CPU.Build.0 = Release|Any CPU
		{6B8E86D7-E211-4BBF-8155-0B63B57FDE71}.Release|x64.ActiveCfg = Release|Any CPU
		{6B8E86D7-E211-4BBF-8155-0B63B57FDE71}.Release|x64.Build.0 = Release|Any CPU
		{6B8E86D7-E211-4BBF-8155-0B63B57FDE71}.Release|x86.ActiveCfg = Release|Any CPU
		{6B8E86D7-E211-4BBF-8155-0B63B57FDE71}.Release|x86.Build.0 = Release|Any CPU
		{390210E6-3511-4708-BAA1-6633AFF564BA}.Debug|Any CPU.ActiveCfg = Debug|Any CPU
		{390210E6-3511-4708-BAA1-6633AFF564BA}.Debug|Any CPU.Build.0 = Debug|Any CPU
		{390210E6-3511-4708-BAA1-6633AFF564BA}.Debug|x64.ActiveCfg = Debug|Any CPU
		{390210E6-3511-4708-BAA1-6633AFF564BA}.Debug|x64.Build.0 = Debug|Any CPU
		{390210E6-3511-4708-BAA1-6633AFF564BA}.Debug|x86.ActiveCfg = Debug|Any CPU
		{390210E6-3511-4708-BAA1-6633AFF564BA}.Debug|x86.Build.0 = Debug|Any CPU
		{390210E6-3511-4708-BAA1-6633AFF564BA}.Release|Any CPU.ActiveCfg = Release|Any CPU
		{390210E6-3511-4708-BAA1-6633AFF564BA}.Release|Any CPU.Build.0 = Release|Any CPU
		{390210E6-3511-4708-BAA1-6633AFF564BA}.Release|x64.ActiveCfg = Release|Any CPU
		{390210E6-3511-4708-BAA1-6633AFF564BA}.Release|x64.Build.0 = Release|Any CPU
		{390210E6-3511-4708-BAA1-6633AFF564BA}.Release|x86.ActiveCfg = Release|Any CPU
		{390210E6-3511-4708-BAA1-6633AFF564BA}.Release|x86.Build.0 = Release|Any CPU
		{1759A01D-BD7E-4405-9B6F-DBBA1F77CA1F}.Debug|Any CPU.ActiveCfg = Debug|Any CPU
		{1759A01D-BD7E-4405-9B6F-DBBA1F77CA1F}.Debug|Any CPU.Build.0 = Debug|Any CPU
		{1759A01D-BD7E-4405-9B6F-DBBA1F77CA1F}.Debug|x64.ActiveCfg = Debug|Any CPU
		{1759A01D-BD7E-4405-9B6F-DBBA1F77CA1F}.Debug|x64.Build.0 = Debug|Any CPU
		{1759A01D-BD7E-4405-9B6F-DBBA1F77CA1F}.Debug|x86.ActiveCfg = Debug|Any CPU
		{1759A01D-BD7E-4405-9B6F-DBBA1F77CA1F}.Debug|x86.Build.0 = Debug|Any CPU
		{1759A01D-BD7E-4405-9B6F-DBBA1F77CA1F}.Release|Any CPU.ActiveCfg = Release|Any CPU
		{1759A01D-BD7E-4405-9B6F-DBBA1F77CA1F}.Release|Any CPU.Build.0 = Release|Any CPU
		{1759A01D-BD7E-4405-9B6F-DBBA1F77CA1F}.Release|x64.ActiveCfg = Release|Any CPU
		{1759A01D-BD7E-4405-9B6F-DBBA1F77CA1F}.Release|x64.Build.0 = Release|Any CPU
		{1759A01D-BD7E-4405-9B6F-DBBA1F77CA1F}.Release|x86.ActiveCfg = Release|Any CPU
		{1759A01D-BD7E-4405-9B6F-DBBA1F77CA1F}.Release|x86.Build.0 = Release|Any CPU
		{45E50E6F-9E0E-4B8A-8E08-077BFBFB4473}.Debug|Any CPU.ActiveCfg = Debug|Any CPU
		{45E50E6F-9E0E-4B8A-8E08-077BFBFB4473}.Debug|Any CPU.Build.0 = Debug|Any CPU
		{45E50E6F-9E0E-4B8A-8E08-077BFBFB4473}.Debug|x64.ActiveCfg = Debug|Any CPU
		{45E50E6F-9E0E-4B8A-8E08-077BFBFB4473}.Debug|x64.Build.0 = Debug|Any CPU
		{45E50E6F-9E0E-4B8A-8E08-077BFBFB4473}.Debug|x86.ActiveCfg = Debug|Any CPU
		{45E50E6F-9E0E-4B8A-8E08-077BFBFB4473}.Debug|x86.Build.0 = Debug|Any CPU
		{45E50E6F-9E0E-4B8A-8E08-077BFBFB4473}.Release|Any CPU.ActiveCfg = Release|Any CPU
		{45E50E6F-9E0E-4B8A-8E08-077BFBFB4473}.Release|Any CPU.Build.0 = Release|Any CPU
		{45E50E6F-9E0E-4B8A-8E08-077BFBFB4473}.Release|x64.ActiveCfg = Release|Any CPU
		{45E50E6F-9E0E-4B8A-8E08-077BFBFB4473}.Release|x64.Build.0 = Release|Any CPU
		{45E50E6F-9E0E-4B8A-8E08-077BFBFB4473}.Release|x86.ActiveCfg = Release|Any CPU
		{45E50E6F-9E0E-4B8A-8E08-077BFBFB4473}.Release|x86.Build.0 = Release|Any CPU
		{01164372-E073-444C-8C61-346B651CCF72}.Debug|Any CPU.ActiveCfg = Debug|Any CPU
		{01164372-E073-444C-8C61-346B651CCF72}.Debug|Any CPU.Build.0 = Debug|Any CPU
		{01164372-E073-444C-8C61-346B651CCF72}.Debug|x64.ActiveCfg = Debug|Any CPU
		{01164372-E073-444C-8C61-346B651CCF72}.Debug|x64.Build.0 = Debug|Any CPU
		{01164372-E073-444C-8C61-346B651CCF72}.Debug|x86.ActiveCfg = Debug|Any CPU
		{01164372-E073-444C-8C61-346B651CCF72}.Debug|x86.Build.0 = Debug|Any CPU
		{01164372-E073-444C-8C61-346B651CCF72}.Release|Any CPU.ActiveCfg = Release|Any CPU
		{01164372-E073-444C-8C61-346B651CCF72}.Release|Any CPU.Build.0 = Release|Any CPU
		{01164372-E073-444C-8C61-346B651CCF72}.Release|x64.ActiveCfg = Release|Any CPU
		{01164372-E073-444C-8C61-346B651CCF72}.Release|x64.Build.0 = Release|Any CPU
		{01164372-E073-444C-8C61-346B651CCF72}.Release|x86.ActiveCfg = Release|Any CPU
		{01164372-E073-444C-8C61-346B651CCF72}.Release|x86.Build.0 = Release|Any CPU
		{9A0CFA9E-C8D1-4D44-A15C-355BE47AA1DF}.Debug|Any CPU.ActiveCfg = Debug|Any CPU
		{9A0CFA9E-C8D1-4D44-A15C-355BE47AA1DF}.Debug|Any CPU.Build.0 = Debug|Any CPU
		{9A0CFA9E-C8D1-4D44-A15C-355BE47AA1DF}.Debug|x64.ActiveCfg = Debug|Any CPU
		{9A0CFA9E-C8D1-4D44-A15C-355BE47AA1DF}.Debug|x64.Build.0 = Debug|Any CPU
		{9A0CFA9E-C8D1-4D44-A15C-355BE47AA1DF}.Debug|x86.ActiveCfg = Debug|Any CPU
		{9A0CFA9E-C8D1-4D44-A15C-355BE47AA1DF}.Debug|x86.Build.0 = Debug|Any CPU
		{9A0CFA9E-C8D1-4D44-A15C-355BE47AA1DF}.Release|Any CPU.ActiveCfg = Release|Any CPU
		{9A0CFA9E-C8D1-4D44-A15C-355BE47AA1DF}.Release|Any CPU.Build.0 = Release|Any CPU
		{9A0CFA9E-C8D1-4D44-A15C-355BE47AA1DF}.Release|x64.ActiveCfg = Release|Any CPU
		{9A0CFA9E-C8D1-4D44-A15C-355BE47AA1DF}.Release|x64.Build.0 = Release|Any CPU
		{9A0CFA9E-C8D1-4D44-A15C-355BE47AA1DF}.Release|x86.ActiveCfg = Release|Any CPU
		{9A0CFA9E-C8D1-4D44-A15C-355BE47AA1DF}.Release|x86.Build.0 = Release|Any CPU
		{BAF8D9AE-1CE9-4F14-9F20-7AA54B7B2FE7}.Debug|Any CPU.ActiveCfg = Debug|Any CPU
		{BAF8D9AE-1CE9-4F14-9F20-7AA54B7B2FE7}.Debug|Any CPU.Build.0 = Debug|Any CPU
		{BAF8D9AE-1CE9-4F14-9F20-7AA54B7B2FE7}.Debug|x64.ActiveCfg = Debug|Any CPU
		{BAF8D9AE-1CE9-4F14-9F20-7AA54B7B2FE7}.Debug|x64.Build.0 = Debug|Any CPU
		{BAF8D9AE-1CE9-4F14-9F20-7AA54B7B2FE7}.Debug|x86.ActiveCfg = Debug|Any CPU
		{BAF8D9AE-1CE9-4F14-9F20-7AA54B7B2FE7}.Debug|x86.Build.0 = Debug|Any CPU
		{BAF8D9AE-1CE9-4F14-9F20-7AA54B7B2FE7}.Release|Any CPU.ActiveCfg = Release|Any CPU
		{BAF8D9AE-1CE9-4F14-9F20-7AA54B7B2FE7}.Release|Any CPU.Build.0 = Release|Any CPU
		{BAF8D9AE-1CE9-4F14-9F20-7AA54B7B2FE7}.Release|x64.ActiveCfg = Release|Any CPU
		{BAF8D9AE-1CE9-4F14-9F20-7AA54B7B2FE7}.Release|x64.Build.0 = Release|Any CPU
		{BAF8D9AE-1CE9-4F14-9F20-7AA54B7B2FE7}.Release|x86.ActiveCfg = Release|Any CPU
		{BAF8D9AE-1CE9-4F14-9F20-7AA54B7B2FE7}.Release|x86.Build.0 = Release|Any CPU
		{B4C0E688-776A-40D7-96D0-45A73C63E136}.Debug|Any CPU.ActiveCfg = Debug|Any CPU
		{B4C0E688-776A-40D7-96D0-45A73C63E136}.Debug|Any CPU.Build.0 = Debug|Any CPU
		{B4C0E688-776A-40D7-96D0-45A73C63E136}.Debug|x64.ActiveCfg = Debug|Any CPU
		{B4C0E688-776A-40D7-96D0-45A73C63E136}.Debug|x64.Build.0 = Debug|Any CPU
		{B4C0E688-776A-40D7-96D0-45A73C63E136}.Debug|x86.ActiveCfg = Debug|Any CPU
		{B4C0E688-776A-40D7-96D0-45A73C63E136}.Debug|x86.Build.0 = Debug|Any CPU
		{B4C0E688-776A-40D7-96D0-45A73C63E136}.Release|Any CPU.ActiveCfg = Release|Any CPU
		{B4C0E688-776A-40D7-96D0-45A73C63E136}.Release|Any CPU.Build.0 = Release|Any CPU
		{B4C0E688-776A-40D7-96D0-45A73C63E136}.Release|x64.ActiveCfg = Release|Any CPU
		{B4C0E688-776A-40D7-96D0-45A73C63E136}.Release|x64.Build.0 = Release|Any CPU
		{B4C0E688-776A-40D7-96D0-45A73C63E136}.Release|x86.ActiveCfg = Release|Any CPU
		{B4C0E688-776A-40D7-96D0-45A73C63E136}.Release|x86.Build.0 = Release|Any CPU
		{38D9A0B8-21FE-45CE-A815-A8FAC1AFF90C}.Debug|Any CPU.ActiveCfg = Debug|Any CPU
		{38D9A0B8-21FE-45CE-A815-A8FAC1AFF90C}.Debug|Any CPU.Build.0 = Debug|Any CPU
		{38D9A0B8-21FE-45CE-A815-A8FAC1AFF90C}.Debug|x64.ActiveCfg = Debug|Any CPU
		{38D9A0B8-21FE-45CE-A815-A8FAC1AFF90C}.Debug|x64.Build.0 = Debug|Any CPU
		{38D9A0B8-21FE-45CE-A815-A8FAC1AFF90C}.Debug|x86.ActiveCfg = Debug|Any CPU
		{38D9A0B8-21FE-45CE-A815-A8FAC1AFF90C}.Debug|x86.Build.0 = Debug|Any CPU
		{38D9A0B8-21FE-45CE-A815-A8FAC1AFF90C}.Release|Any CPU.ActiveCfg = Release|Any CPU
		{38D9A0B8-21FE-45CE-A815-A8FAC1AFF90C}.Release|Any CPU.Build.0 = Release|Any CPU
		{38D9A0B8-21FE-45CE-A815-A8FAC1AFF90C}.Release|x64.ActiveCfg = Release|Any CPU
		{38D9A0B8-21FE-45CE-A815-A8FAC1AFF90C}.Release|x64.Build.0 = Release|Any CPU
		{38D9A0B8-21FE-45CE-A815-A8FAC1AFF90C}.Release|x86.ActiveCfg = Release|Any CPU
		{38D9A0B8-21FE-45CE-A815-A8FAC1AFF90C}.Release|x86.Build.0 = Release|Any CPU
		{0464F8CD-E125-4FAA-9C26-B16E22418668}.Debug|Any CPU.ActiveCfg = Debug|Any CPU
		{0464F8CD-E125-4FAA-9C26-B16E22418668}.Debug|Any CPU.Build.0 = Debug|Any CPU
		{0464F8CD-E125-4FAA-9C26-B16E22418668}.Debug|x64.ActiveCfg = Debug|Any CPU
		{0464F8CD-E125-4FAA-9C26-B16E22418668}.Debug|x64.Build.0 = Debug|Any CPU
		{0464F8CD-E125-4FAA-9C26-B16E22418668}.Debug|x86.ActiveCfg = Debug|Any CPU
		{0464F8CD-E125-4FAA-9C26-B16E22418668}.Debug|x86.Build.0 = Debug|Any CPU
		{0464F8CD-E125-4FAA-9C26-B16E22418668}.Release|Any CPU.ActiveCfg = Release|Any CPU
		{0464F8CD-E125-4FAA-9C26-B16E22418668}.Release|Any CPU.Build.0 = Release|Any CPU
		{0464F8CD-E125-4FAA-9C26-B16E22418668}.Release|x64.ActiveCfg = Release|Any CPU
		{0464F8CD-E125-4FAA-9C26-B16E22418668}.Release|x64.Build.0 = Release|Any CPU
		{0464F8CD-E125-4FAA-9C26-B16E22418668}.Release|x86.ActiveCfg = Release|Any CPU
		{0464F8CD-E125-4FAA-9C26-B16E22418668}.Release|x86.Build.0 = Release|Any CPU
		{64584B87-6D9E-4E0E-88FC-11A7070C0CDD}.Debug|Any CPU.ActiveCfg = Debug|Any CPU
		{64584B87-6D9E-4E0E-88FC-11A7070C0CDD}.Debug|Any CPU.Build.0 = Debug|Any CPU
		{64584B87-6D9E-4E0E-88FC-11A7070C0CDD}.Debug|x64.ActiveCfg = Debug|Any CPU
		{64584B87-6D9E-4E0E-88FC-11A7070C0CDD}.Debug|x64.Build.0 = Debug|Any CPU
		{64584B87-6D9E-4E0E-88FC-11A7070C0CDD}.Debug|x86.ActiveCfg = Debug|Any CPU
		{64584B87-6D9E-4E0E-88FC-11A7070C0CDD}.Debug|x86.Build.0 = Debug|Any CPU
		{64584B87-6D9E-4E0E-88FC-11A7070C0CDD}.Release|Any CPU.ActiveCfg = Release|Any CPU
		{64584B87-6D9E-4E0E-88FC-11A7070C0CDD}.Release|Any CPU.Build.0 = Release|Any CPU
		{64584B87-6D9E-4E0E-88FC-11A7070C0CDD}.Release|x64.ActiveCfg = Release|Any CPU
		{64584B87-6D9E-4E0E-88FC-11A7070C0CDD}.Release|x64.Build.0 = Release|Any CPU
		{64584B87-6D9E-4E0E-88FC-11A7070C0CDD}.Release|x86.ActiveCfg = Release|Any CPU
		{64584B87-6D9E-4E0E-88FC-11A7070C0CDD}.Release|x86.Build.0 = Release|Any CPU
	EndGlobalSection
	GlobalSection(SolutionProperties) = preSolution
		HideSolutionNode = FALSE
	EndGlobalSection
	GlobalSection(NestedProjects) = preSolution
		{90298CBA-BD6F-3A0A-69D5-97CAD7B05E7E} = {827E0CD3-B72D-47B6-A68D-7590B98EB39B}
		{DF4DB5AD-CB9C-4238-ADFE-998C468005CD} = {90298CBA-BD6F-3A0A-69D5-97CAD7B05E7E}
		{EC447DCF-ABFA-6E24-52A5-D7FD48A5C558} = {827E0CD3-B72D-47B6-A68D-7590B98EB39B}
		{75E1508E-A955-E059-6956-675858DCE5FC} = {EC447DCF-ABFA-6E24-52A5-D7FD48A5C558}
		{6B8E86D7-E211-4BBF-8155-0B63B57FDE71} = {75E1508E-A955-E059-6956-675858DCE5FC}
		{6D397FDE-A48A-1422-DC4D-618348DCDC20} = {EC447DCF-ABFA-6E24-52A5-D7FD48A5C558}
		{390210E6-3511-4708-BAA1-6633AFF564BA} = {6D397FDE-A48A-1422-DC4D-618348DCDC20}
		{D4443D80-A4C8-562B-D9F5-7671843884F3} = {EC447DCF-ABFA-6E24-52A5-D7FD48A5C558}
		{1759A01D-BD7E-4405-9B6F-DBBA1F77CA1F} = {D4443D80-A4C8-562B-D9F5-7671843884F3}
		{C58652D4-70F2-C78D-7C81-EB5CF8661D9C} = {EC447DCF-ABFA-6E24-52A5-D7FD48A5C558}
		{45E50E6F-9E0E-4B8A-8E08-077BFBFB4473} = {C58652D4-70F2-C78D-7C81-EB5CF8661D9C}
		{0BCCD391-3C9A-8672-580D-EDB3137A3017} = {EC447DCF-ABFA-6E24-52A5-D7FD48A5C558}
		{01164372-E073-444C-8C61-346B651CCF72} = {0BCCD391-3C9A-8672-580D-EDB3137A3017}
		{C79C3622-AC92-5B3C-4F71-0BD0E7B3816F} = {827E0CD3-B72D-47B6-A68D-7590B98EB39B}
		{E8093802-E480-00E4-2B78-06309442FE18} = {C79C3622-AC92-5B3C-4F71-0BD0E7B3816F}
		{9A0CFA9E-C8D1-4D44-A15C-355BE47AA1DF} = {E8093802-E480-00E4-2B78-06309442FE18}
		{ECA44C6A-C007-8CB4-D8F9-46FB4A246E43} = {C79C3622-AC92-5B3C-4F71-0BD0E7B3816F}
		{BAF8D9AE-1CE9-4F14-9F20-7AA54B7B2FE7} = {ECA44C6A-C007-8CB4-D8F9-46FB4A246E43}
		{9D556B49-86D1-93A7-9596-FFAAB74EC556} = {0AB3BF05-4346-4AA6-1389-037BE0695223}
		{B4C0E688-776A-40D7-96D0-45A73C63E136} = {9D556B49-86D1-93A7-9596-FFAAB74EC556}
		{875CD587-DE2F-08EE-74FB-D6BE4E474EF3} = {0AB3BF05-4346-4AA6-1389-037BE0695223}
		{38D9A0B8-21FE-45CE-A815-A8FAC1AFF90C} = {875CD587-DE2F-08EE-74FB-D6BE4E474EF3}
		{28A6993C-471E-82FE-7D9E-AD3B1EC22BD9} = {0AB3BF05-4346-4AA6-1389-037BE0695223}
		{0464F8CD-E125-4FAA-9C26-B16E22418668} = {28A6993C-471E-82FE-7D9E-AD3B1EC22BD9}
		{9F657E53-FC0A-C461-71ED-BDB113566680} = {0AB3BF05-4346-4AA6-1389-037BE0695223}
		{64584B87-6D9E-4E0E-88FC-11A7070C0CDD} = {9F657E53-FC0A-C461-71ED-BDB113566680}
	EndGlobalSection
EndGlobal
